
Microsoft Visual Studio Solution File, Format Version 12.00
# Visual Studio Version 17
VisualStudioVersion = 17.4.33205.214
MinimumVisualStudioVersion = 10.0.40219.1
Project("{FAE04EC0-301F-11D3-BF4B-00C04F79EFBC}") = "Mironov_Task_5", "Mironov_Task_5\Mironov_Task_5.csproj", "{AB49F042-3B43-4578-A740-CA98A143C781}"
EndProject
Global
	GlobalSection(SolutionConfigurationPlatforms) = preSolution
		Debug|Any CPU = Debug|Any CPU
		Release|Any CPU = Release|Any CPU
	EndGlobalSection
	GlobalSection(ProjectConfigurationPlatforms) = postSolution
		{AB49F042-3B43-4578-A740-CA98A143C781}.Debug|Any CPU.ActiveCfg = Debug|Any CPU
		{AB49F042-3B43-4578-A740-CA98A143C781}.Debug|Any CPU.Build.0 = Debug|Any CPU
		{AB49F042-3B43-4578-A740-CA98A143C781}.Release|Any CPU.ActiveCfg = Release|Any CPU
		{AB49F042-3B43-4578-A740-CA98A143C781}.Release|Any CPU.Build.0 = Release|Any CPU
	EndGlobalSection
	GlobalSection(SolutionProperties) = preSolution
		HideSolutionNode = FALSE
	EndGlobalSection
	GlobalSection(ExtensibilityGlobals) = postSolution
		SolutionGuid = {DFC469B7-370F-4C75-8756-14321C9FE26A}
	EndGlobalSection
EndGlobal
